
Microsoft Visual Studio Solution File, Format Version 12.00
# Visual Studio 14
VisualStudioVersion = 14.0.25420.1
MinimumVisualStudioVersion = 10.0.40219.1
Project("{FAE04EC0-301F-11D3-BF4B-00C04F79EFBC}") = "csharp-metar-decoder", "csharp-metar-decoder.csproj", "{14D27854-AB0A-45DE-9B68-EE7E926AA1B6}"
EndProject
Project("{FAE04EC0-301F-11D3-BF4B-00C04F79EFBC}") = "csharp-metar-decoder-tests", "..\csharp-metar-decoder-tests\csharp-metar-decoder-tests.csproj", "{C58B6E7C-0006-4B88-9DA6-9AEC49A99063}"
EndProject
Global
	GlobalSection(SolutionConfigurationPlatforms) = preSolution
		Debug|Any CPU = Debug|Any CPU
		Release|Any CPU = Release|Any CPU
	EndGlobalSection
	GlobalSection(ProjectConfigurationPlatforms) = postSolution
		{14D27854-AB0A-45DE-9B68-EE7E926AA1B6}.Debug|Any CPU.ActiveCfg = Debug|Any CPU
		{14D27854-AB0A-45DE-9B68-EE7E926AA1B6}.Debug|Any CPU.Build.0 = Debug|Any CPU
		{14D27854-AB0A-45DE-9B68-EE7E926AA1B6}.Release|Any CPU.ActiveCfg = Release|Any CPU
		{14D27854-AB0A-45DE-9B68-EE7E926AA1B6}.Release|Any CPU.Build.0 = Release|Any CPU
		{C58B6E7C-0006-4B88-9DA6-9AEC49A99063}.Debug|Any CPU.ActiveCfg = Debug|Any CPU
		{C58B6E7C-0006-4B88-9DA6-9AEC49A99063}.Debug|Any CPU.Build.0 = Debug|Any CPU
		{C58B6E7C-0006-4B88-9DA6-9AEC49A99063}.Release|Any CPU.ActiveCfg = Release|Any CPU
		{C58B6E7C-0006-4B88-9DA6-9AEC49A99063}.Release|Any CPU.Build.0 = Release|Any CPU
	EndGlobalSection
	GlobalSection(SolutionProperties) = preSolution
		HideSolutionNode = FALSE
	EndGlobalSection
EndGlobal
